
Microsoft Visual Studio Solution File, Format Version 12.00
# Visual Studio 15
VisualStudioVersion = 15.0.26228.10
MinimumVisualStudioVersion = 10.0.40219.1
Project("{FAE04EC0-301F-11D3-BF4B-00C04F79EFBC}") = "Pacifica.Core", "Pacifica.Core\Pacifica.Core.csproj", "{46D080DA-392C-4F7C-B2F7-683695B1C029}"
EndProject
Project("{FAE04EC0-301F-11D3-BF4B-00C04F79EFBC}") = "Pacifica.DMS_Metadata", "Pacifica.DMS_Metadata\Pacifica.DMS_Metadata.csproj", "{EDACD83A-AA92-4481-BB69-A28C67A6C7F9}"
EndProject
Project("{FAE04EC0-301F-11D3-BF4B-00C04F79EFBC}") = "Pacifica.Upload", "Pacifica.Upload\Pacifica.Upload.csproj", "{4E0A4851-EB71-491C-8027-4AF7B6A830BB}"
EndProject
Global
	GlobalSection(SolutionConfigurationPlatforms) = preSolution
		Debug|Any CPU = Debug|Any CPU
		Release|Any CPU = Release|Any CPU
	EndGlobalSection
	GlobalSection(ProjectConfigurationPlatforms) = postSolution
		{46D080DA-392C-4F7C-B2F7-683695B1C029}.Debug|Any CPU.ActiveCfg = Debug|Any CPU
		{46D080DA-392C-4F7C-B2F7-683695B1C029}.Debug|Any CPU.Build.0 = Debug|Any CPU
		{46D080DA-392C-4F7C-B2F7-683695B1C029}.Release|Any CPU.ActiveCfg = Release|Any CPU
		{46D080DA-392C-4F7C-B2F7-683695B1C029}.Release|Any CPU.Build.0 = Release|Any CPU
		{EDACD83A-AA92-4481-BB69-A28C67A6C7F9}.Debug|Any CPU.ActiveCfg = Debug|Any CPU
		{EDACD83A-AA92-4481-BB69-A28C67A6C7F9}.Debug|Any CPU.Build.0 = Debug|Any CPU
		{EDACD83A-AA92-4481-BB69-A28C67A6C7F9}.Release|Any CPU.ActiveCfg = Release|Any CPU
		{EDACD83A-AA92-4481-BB69-A28C67A6C7F9}.Release|Any CPU.Build.0 = Release|Any CPU
		{4E0A4851-EB71-491C-8027-4AF7B6A830BB}.Debug|Any CPU.ActiveCfg = Debug|Any CPU
		{4E0A4851-EB71-491C-8027-4AF7B6A830BB}.Debug|Any CPU.Build.0 = Debug|Any CPU
		{4E0A4851-EB71-491C-8027-4AF7B6A830BB}.Release|Any CPU.ActiveCfg = Release|Any CPU
		{4E0A4851-EB71-491C-8027-4AF7B6A830BB}.Release|Any CPU.Build.0 = Release|Any CPU
	EndGlobalSection
	GlobalSection(SolutionProperties) = preSolution
		HideSolutionNode = FALSE
	EndGlobalSection
	GlobalSection(ExtensibilityGlobals) = postSolution
		SolutionGuid = {CCCACA9B-5DD7-4437-93A4-DECC864257F7}
	EndGlobalSection
EndGlobal
