
Microsoft Visual Studio Solution File, Format Version 12.00
# Visual Studio Version 16
VisualStudioVersion = 16.0.28803.352
MinimumVisualStudioVersion = 10.0.40219.1
Project("{FAE04EC0-301F-11D3-BF4B-00C04F79EFBC}") = "MyEMSLMetadataValidator", "MyEMSLMetadataValidator.csproj", "{76445FE7-279E-4E94-833E-BEC4937B289C}"
EndProject
Project("{FAE04EC0-301F-11D3-BF4B-00C04F79EFBC}") = "MyEMSLReader", "..\MyEMSLReader\MyEMSLReader.csproj", "{3672E426-FFB5-43C0-A78B-D29E66E0076D}"
EndProject
Project("{FAE04EC0-301F-11D3-BF4B-00C04F79EFBC}") = "Pacifica.Core", "..\Pacifica\Pacifica.Core\Pacifica.Core.csproj", "{46D080DA-392C-4F7C-B2F7-683695B1C029}"
EndProject
Global
	GlobalSection(SolutionConfigurationPlatforms) = preSolution
		Debug|Any CPU = Debug|Any CPU
		Release|Any CPU = Release|Any CPU
	EndGlobalSection
	GlobalSection(ProjectConfigurationPlatforms) = postSolution
		{76445FE7-279E-4E94-833E-BEC4937B289C}.Debug|Any CPU.ActiveCfg = Debug|Any CPU
		{76445FE7-279E-4E94-833E-BEC4937B289C}.Debug|Any CPU.Build.0 = Debug|Any CPU
		{76445FE7-279E-4E94-833E-BEC4937B289C}.Release|Any CPU.ActiveCfg = Release|Any CPU
		{76445FE7-279E-4E94-833E-BEC4937B289C}.Release|Any CPU.Build.0 = Release|Any CPU
		{3672E426-FFB5-43C0-A78B-D29E66E0076D}.Debug|Any CPU.ActiveCfg = Debug|Any CPU
		{3672E426-FFB5-43C0-A78B-D29E66E0076D}.Debug|Any CPU.Build.0 = Debug|Any CPU
		{3672E426-FFB5-43C0-A78B-D29E66E0076D}.Release|Any CPU.ActiveCfg = Release|Any CPU
		{3672E426-FFB5-43C0-A78B-D29E66E0076D}.Release|Any CPU.Build.0 = Release|Any CPU
		{46D080DA-392C-4F7C-B2F7-683695B1C029}.Debug|Any CPU.ActiveCfg = Debug|Any CPU
		{46D080DA-392C-4F7C-B2F7-683695B1C029}.Debug|Any CPU.Build.0 = Debug|Any CPU
		{46D080DA-392C-4F7C-B2F7-683695B1C029}.Release|Any CPU.ActiveCfg = Release|Any CPU
		{46D080DA-392C-4F7C-B2F7-683695B1C029}.Release|Any CPU.Build.0 = Release|Any CPU
	EndGlobalSection
	GlobalSection(SolutionProperties) = preSolution
		HideSolutionNode = FALSE
	EndGlobalSection
	GlobalSection(ExtensibilityGlobals) = postSolution
		SolutionGuid = {C223C899-57D0-4DBE-94D9-3224103DC5D2}
	EndGlobalSection
EndGlobal
